
Microsoft Visual Studio Solution File, Format Version 12.00
# Visual Studio Version 17
VisualStudioVersion = 17.11.35431.28
MinimumVisualStudioVersion = 10.0.40219.1
Project("{FAE04EC0-301F-11D3-BF4B-00C04F79EFBC}") = "KB14797_IgbDataChart_DateTimeFormat", "KB14797_IgbDataChart_DateTimeFormat.csproj", "{233C9CA2-6D9E-4FA0-BDEB-31A1BA622440}"
EndProject
Global
	GlobalSection(SolutionConfigurationPlatforms) = preSolution
		Debug|Any CPU = Debug|Any CPU
		Release|Any CPU = Release|Any CPU
	EndGlobalSection
	GlobalSection(ProjectConfigurationPlatforms) = postSolution
		{233C9CA2-6D9E-4FA0-BDEB-31A1BA622440}.Debug|Any CPU.ActiveCfg = Debug|Any CPU
		{233C9CA2-6D9E-4FA0-BDEB-31A1BA622440}.Debug|Any CPU.Build.0 = Debug|Any CPU
		{233C9CA2-6D9E-4FA0-BDEB-31A1BA622440}.Release|Any CPU.ActiveCfg = Release|Any CPU
		{233C9CA2-6D9E-4FA0-BDEB-31A1BA622440}.Release|Any CPU.Build.0 = Release|Any CPU
	EndGlobalSection
	GlobalSection(SolutionProperties) = preSolution
		HideSolutionNode = FALSE
	EndGlobalSection
	GlobalSection(ExtensibilityGlobals) = postSolution
		SolutionGuid = {34102C1E-8232-4AD6-BBF0-922560BDACDD}
	EndGlobalSection
EndGlobal
